<?xml version="1.0" encoding="utf-8"?>
<Project ToolsVersion="4.0" xmlns="http://schemas.microsoft.com/developer/msbuild/2003">
  <ItemGroup>
    <Filter Include="ソース ファイル">
      <UniqueIdentifier>{4FC737F1-C7A5-4376-A066-2A32D752A2FF}</UniqueIdentifier>
      <Extensions>cpp;c;cc;cxx;def;odl;idl;hpj;bat;asm;asmx</Extensions>
    </Filter>
    <Filter Include="ヘッダー ファイル">
      <UniqueIdentifier>{93995380-89BD-4b04-88EB-625FBE52EBFB}</UniqueIdentifier>
      <Extensions>h;hh;hpp;hxx;hm;inl;inc;xsd</Extensions>
    </Filter>
    <Filter Include="リソース ファイル">
      <UniqueIdentifier>{67DA6AB6-F800-4c08-8B7A-83BB121AAD01}</UniqueIdentifier>
      <Extensions>rc;ico;cur;bmp;dlg;rc2;rct;bin;rgs;gif;jpg;jpeg;jpe;resx;tiff;tif;png;wav;mfcribbon-ms</Extensions>
    </Filter>
    <Filter Include="ソース ファイル\BDH">
      <UniqueIdentifier>{bf0bdc3d-e316-4c2f-b3e6-6af86bc512d8}</UniqueIdentifier>
    </Filter>
    <Filter Include="ソース ファイル\Utility">
      <UniqueIdentifier>{5dd0f7d0-2081-4ad1-8ae6-bc6d07b104b1}</UniqueIdentifier>
    </Filter>
  </ItemGroup>
  <ItemGroup>
    <ClCompile Include="main_incrementalRNNsearch.cpp">
      <Filter>ソース ファイル</Filter>
    </ClCompile>
    <ClCompile Include="..\..\BDH\src\BDH.cpp">
      <Filter>ソース ファイル\BDH</Filter>
    </ClCompile>
    <ClCompile Include="..\..\BDH\src\BDHtraining.cpp">
      <Filter>ソース ファイル\BDH</Filter>
    </ClCompile>
    <ClCompile Include="..\..\BDH\src\Subspace.cpp">
      <Filter>ソース ファイル\BDH</Filter>
    </ClCompile>
    <ClCompile Include="..\..\BDH\src\HashTable.cpp">
      <Filter>ソース ファイル\BDH</Filter>
    </ClCompile>
    <ClCompile Include="..\utility\src\FileHandle.cpp">
      <Filter>ソース ファイル\Utility</Filter>
    </ClCompile>
    <ClCompile Include="..\utility\src\measure.cpp">
      <Filter>ソース ファイル\Utility</Filter>
    </ClCompile>
  </ItemGroup>
</Project>