<?xml version="1.0" encoding="utf-8"?>
<Project ToolsVersion="4.0" xmlns="http://schemas.microsoft.com/developer/msbuild/2003">
  <ItemGroup>
    <Filter Include="ソース ファイル">
      <UniqueIdentifier>{4FC737F1-C7A5-4376-A066-2A32D752A2FF}</UniqueIdentifier>
      <Extensions>cpp;c;cc;cxx;def;odl;idl;hpj;bat;asm;asmx</Extensions>
    </Filter>
    <Filter Include="ヘッダー ファイル">
      <UniqueIdentifier>{93995380-89BD-4b04-88EB-625FBE52EBFB}</UniqueIdentifier>
      <Extensions>h;hh;hpp;hxx;hm;inl;inc;xsd</Extensions>
    </Filter>
    <Filter Include="リソース ファイル">
      <UniqueIdentifier>{67DA6AB6-F800-4c08-8B7A-83BB121AAD01}</UniqueIdentifier>
      <Extensions>rc;ico;cur;bmp;dlg;rc2;rct;bin;rgs;gif;jpg;jpeg;jpe;resx;tiff;tif;png;wav;mfcribbon-ms</Extensions>
    </Filter>
    <Filter Include="ヘッダー ファイル\Common">
      <UniqueIdentifier>{f7b52dae-3a11-4561-a7d5-b80cdf997dd8}</UniqueIdentifier>
    </Filter>
    <Filter Include="ヘッダー ファイル\BDH">
      <UniqueIdentifier>{23a3f907-9fe4-40f7-adf6-77bb12f6f95b}</UniqueIdentifier>
    </Filter>
    <Filter Include="ソース ファイル\BDH">
      <UniqueIdentifier>{e17c0b0d-8c21-4dee-8a22-90d01b677216}</UniqueIdentifier>
    </Filter>
    <Filter Include="ソース ファイル\Common">
      <UniqueIdentifier>{946db956-1691-4257-a852-8d7c89b005ad}</UniqueIdentifier>
    </Filter>
  </ItemGroup>
  <ItemGroup>
    <ClCompile Include="src\HashTable.cpp">
      <Filter>ソース ファイル\Common</Filter>
    </ClCompile>
    <ClCompile Include="src\BDH.cpp">
      <Filter>ソース ファイル\BDH</Filter>
    </ClCompile>
    <ClCompile Include="src\BDHtraining.cpp">
      <Filter>ソース ファイル\BDH</Filter>
    </ClCompile>
    <ClCompile Include="src\Subspace.cpp">
      <Filter>ソース ファイル\BDH</Filter>
    </ClCompile>
  </ItemGroup>
  <ItemGroup>
    <ClInclude Include="..\build\include\HashTable.h">
      <Filter>ヘッダー ファイル\Common</Filter>
    </ClInclude>
    <ClInclude Include="..\build\include\k_means.h">
      <Filter>ヘッダー ファイル\Common</Filter>
    </ClInclude>
    <ClInclude Include="..\build\include\NearestNeighbor.h">
      <Filter>ヘッダー ファイル\Common</Filter>
    </ClInclude>
    <ClInclude Include="..\build\include\point.h">
      <Filter>ヘッダー ファイル\Common</Filter>
    </ClInclude>
    <ClInclude Include="..\build\include\baseset.h">
      <Filter>ヘッダー ファイル\BDH</Filter>
    </ClInclude>
    <ClInclude Include="..\build\include\BDH.h">
      <Filter>ヘッダー ファイル\BDH</Filter>
    </ClInclude>
    <ClInclude Include="..\build\include\BDHtraining.h">
      <Filter>ヘッダー ファイル\BDH</Filter>
    </ClInclude>
    <ClInclude Include="..\build\include\define.h">
      <Filter>ヘッダー ファイル\BDH</Filter>
    </ClInclude>
    <ClInclude Include="..\build\include\Subspace.h">
      <Filter>ヘッダー ファイル\BDH</Filter>
    </ClInclude>
  </ItemGroup>
</Project>